
Microsoft Visual Studio Solution File, Format Version 12.00
# Visual Studio Version 16
VisualStudioVersion = 16.0.31313.79
MinimumVisualStudioVersion = 10.0.40219.1
Project("{FAE04EC0-301F-11D3-BF4B-00C04F79EFBC}") = "WebScraper.CNYuan", "WebScraper.CNYuan\WebScraper.CNYuan.csproj", "{07CD6ABC-3C63-4190-8257-83F47E713AA1}"
EndProject
Global
	GlobalSection(SolutionConfigurationPlatforms) = preSolution
		Debug|Any CPU = Debug|Any CPU
		Release|Any CPU = Release|Any CPU
	EndGlobalSection
	GlobalSection(ProjectConfigurationPlatforms) = postSolution
		{07CD6ABC-3C63-4190-8257-83F47E713AA1}.Debug|Any CPU.ActiveCfg = Debug|Any CPU
		{07CD6ABC-3C63-4190-8257-83F47E713AA1}.Debug|Any CPU.Build.0 = Debug|Any CPU
		{07CD6ABC-3C63-4190-8257-83F47E713AA1}.Release|Any CPU.ActiveCfg = Release|Any CPU
		{07CD6ABC-3C63-4190-8257-83F47E713AA1}.Release|Any CPU.Build.0 = Release|Any CPU
	EndGlobalSection
	GlobalSection(SolutionProperties) = preSolution
		HideSolutionNode = FALSE
	EndGlobalSection
	GlobalSection(ExtensibilityGlobals) = postSolution
		SolutionGuid = {CB91D31D-26B0-4133-ABD4-2D394CC06E18}
	EndGlobalSection
EndGlobal
